// !$*UTF8*$!
{
	archiveVersion = 1;
	classes = {
	};
	objectVersion = 55;
	objects = {

/* Begin PBXBuildFile section */
		053AC57128637B9100CD39BB /* AuthService.swift in Sources */ = {isa = PBXBuildFile; fileRef = 053AC57028637B9100CD39BB /* AuthService.swift */; };
		053CC8D528706C2600352540 /* FeedResponse.swift in Sources */ = {isa = PBXBuildFile; fileRef = 053CC8D428706C2600352540 /* FeedResponse.swift */; };
		053CC8D728706C7000352540 /* UserResponse.swift in Sources */ = {isa = PBXBuildFile; fileRef = 053CC8D628706C7000352540 /* UserResponse.swift */; };
		053CC8D928706CA200352540 /* API.swift in Sources */ = {isa = PBXBuildFile; fileRef = 053CC8D828706CA200352540 /* API.swift */; };
		053CC8DB28706CE500352540 /* NetworkService.swift in Sources */ = {isa = PBXBuildFile; fileRef = 053CC8DA28706CE500352540 /* NetworkService.swift */; };
		053CC8DD28706D4C00352540 /* NetworkDataFetcher.swift in Sources */ = {isa = PBXBuildFile; fileRef = 053CC8DC28706D4C00352540 /* NetworkDataFetcher.swift */; };
		053CC8E028706DA300352540 /* GradientView.swift in Sources */ = {isa = PBXBuildFile; fileRef = 053CC8DF28706DA300352540 /* GradientView.swift */; };
		053CC8E228706DB200352540 /* WebImageView.swift in Sources */ = {isa = PBXBuildFile; fileRef = 053CC8E128706DB200352540 /* WebImageView.swift */; };
		053CC8E42870701200352540 /* FooterView.swift in Sources */ = {isa = PBXBuildFile; fileRef = 053CC8E32870701200352540 /* FooterView.swift */; };
		053CC8E62870709600352540 /* TitleView.swift in Sources */ = {isa = PBXBuildFile; fileRef = 053CC8E52870709600352540 /* TitleView.swift */; };
		053CC8E8287070CB00352540 /* InsetableTextField.swift in Sources */ = {isa = PBXBuildFile; fileRef = 053CC8E7287070CB00352540 /* InsetableTextField.swift */; };
		053CC8EC2870715100352540 /* Rowlayout.swift in Sources */ = {isa = PBXBuildFile; fileRef = 053CC8EB2870715100352540 /* Rowlayout.swift */; };
		053CC8EE2870719300352540 /*  GalleryCollectionView.swift in Sources */ = {isa = PBXBuildFile; fileRef = 053CC8ED2870719300352540 /*  GalleryCollectionView.swift */; };
		053CC8F22870724300352540 /* GalleryCollectionViewCell.swift in Sources */ = {isa = PBXBuildFile; fileRef = 053CC8F12870724300352540 /* GalleryCollectionViewCell.swift */; };
		053CC8F4287073C000352540 /* NewsfeedInteractor.swift in Sources */ = {isa = PBXBuildFile; fileRef = 053CC8F3287073C000352540 /* NewsfeedInteractor.swift */; };
		053CC8F6287073EE00352540 /* NewsfeedPresenter.swift in Sources */ = {isa = PBXBuildFile; fileRef = 053CC8F5287073EE00352540 /* NewsfeedPresenter.swift */; };
		053CC8F82870743900352540 /* NewsfeedModels.swift in Sources */ = {isa = PBXBuildFile; fileRef = 053CC8F72870743900352540 /* NewsfeedModels.swift */; };
		053CC8FA2870746500352540 /* NewsfeedWorker.swift in Sources */ = {isa = PBXBuildFile; fileRef = 053CC8F92870746500352540 /* NewsfeedWorker.swift */; };
		053CC8FC2870748500352540 /* NewsfeedRouter.swift in Sources */ = {isa = PBXBuildFile; fileRef = 053CC8FB2870748500352540 /* NewsfeedRouter.swift */; };
		053CC8FF2870765A00352540 /* NewsfeedCodeCell.swift in Sources */ = {isa = PBXBuildFile; fileRef = 053CC8FE2870765A00352540 /* NewsfeedCodeCell.swift */; };
		053CC9012870768B00352540 /* NewsfeedCellLayoutCalculator.swift in Sources */ = {isa = PBXBuildFile; fileRef = 053CC9002870768B00352540 /* NewsfeedCellLayoutCalculator.swift */; };
		053CC903287076BD00352540 /* Constants.swift in Sources */ = {isa = PBXBuildFile; fileRef = 053CC902287076BD00352540 /* Constants.swift */; };
		053CC9062870776F00352540 /* NewsfeedCell.swift in Sources */ = {isa = PBXBuildFile; fileRef = 053CC9042870776F00352540 /* NewsfeedCell.swift */; };
		053CC9072870776F00352540 /* NewsfeedCell.xib in Resources */ = {isa = PBXBuildFile; fileRef = 053CC9052870776F00352540 /* NewsfeedCell.xib */; };
		053CC90A28708E7900352540 /* Constraints.swift in Sources */ = {isa = PBXBuildFile; fileRef = 053CC90928708E7900352540 /* Constraints.swift */; };
		053CC90C28708E9200352540 /* String + Height.swift in Sources */ = {isa = PBXBuildFile; fileRef = 053CC90B28708E9200352540 /* String + Height.swift */; };
		055FD8392856676E0007FDC1 /* TabBarController.swift in Sources */ = {isa = PBXBuildFile; fileRef = 055FD8382856676E0007FDC1 /* TabBarController.swift */; };
		055FD83C285668B30007FDC1 /* MainVC.swift in Sources */ = {isa = PBXBuildFile; fileRef = 055FD83A285668B30007FDC1 /* MainVC.swift */; };
		055FD83D285668B30007FDC1 /* MainVC.xib in Resources */ = {isa = PBXBuildFile; fileRef = 055FD83B285668B30007FDC1 /* MainVC.xib */; };
		055FD840285668C40007FDC1 /* ProfileVC.swift in Sources */ = {isa = PBXBuildFile; fileRef = 055FD83E285668C40007FDC1 /* ProfileVC.swift */; };
		055FD841285668C40007FDC1 /* ProfileVC.xib in Resources */ = {isa = PBXBuildFile; fileRef = 055FD83F285668C40007FDC1 /* ProfileVC.xib */; };
		055FD844285668EE0007FDC1 /* MyFrendsVC.swift in Sources */ = {isa = PBXBuildFile; fileRef = 055FD842285668EE0007FDC1 /* MyFrendsVC.swift */; };
		055FD845285668EE0007FDC1 /* MyFrendsVC.xib in Resources */ = {isa = PBXBuildFile; fileRef = 055FD843285668EE0007FDC1 /* MyFrendsVC.xib */; };
		055FD848285669020007FDC1 /* MyGroupsVC.swift in Sources */ = {isa = PBXBuildFile; fileRef = 055FD846285669020007FDC1 /* MyGroupsVC.swift */; };
		055FD849285669020007FDC1 /* MyGroupsVC.xib in Resources */ = {isa = PBXBuildFile; fileRef = 055FD847285669020007FDC1 /* MyGroupsVC.xib */; };
		055FD84C285670D30007FDC1 /* PhotoGaleryVC.swift in Sources */ = {isa = PBXBuildFile; fileRef = 055FD84A285670D30007FDC1 /* PhotoGaleryVC.swift */; };
		055FD84D285670D30007FDC1 /* PhotoGaleryVC.xib in Resources */ = {isa = PBXBuildFile; fileRef = 055FD84B285670D30007FDC1 /* PhotoGaleryVC.xib */; };
		05744FC2285F96D60079FD45 /* LoginVC.swift in Sources */ = {isa = PBXBuildFile; fileRef = 05744FC0285F96D60079FD45 /* LoginVC.swift */; };
		05744FC3285F96D60079FD45 /* LoginVC.xib in Resources */ = {isa = PBXBuildFile; fileRef = 05744FC1285F96D60079FD45 /* LoginVC.xib */; };
		05998A192854A70100D5B8D6 /* AppDelegate.swift in Sources */ = {isa = PBXBuildFile; fileRef = 05998A182854A70100D5B8D6 /* AppDelegate.swift */; };
		05998A1B2854A70100D5B8D6 /* SceneDelegate.swift in Sources */ = {isa = PBXBuildFile; fileRef = 05998A1A2854A70100D5B8D6 /* SceneDelegate.swift */; };
		05998A1D2854A70100D5B8D6 /* ViewController.swift in Sources */ = {isa = PBXBuildFile; fileRef = 05998A1C2854A70100D5B8D6 /* ViewController.swift */; };
		05998A202854A70100D5B8D6 /* Main.storyboard in Resources */ = {isa = PBXBuildFile; fileRef = 05998A1E2854A70100D5B8D6 /* Main.storyboard */; };
		05998A222854A70400D5B8D6 /* Assets.xcassets in Resources */ = {isa = PBXBuildFile; fileRef = 05998A212854A70400D5B8D6 /* Assets.xcassets */; };
		05998A252854A70400D5B8D6 /* LaunchScreen.storyboard in Resources */ = {isa = PBXBuildFile; fileRef = 05998A232854A70400D5B8D6 /* LaunchScreen.storyboard */; };
		E7C012F22D8AA425F486D9B6 /* Pods_FinalProject.framework in Frameworks */ = {isa = PBXBuildFile; fileRef = 00B516750CB872D40C6A5C55 /* Pods_FinalProject.framework */; };
/* End PBXBuildFile section */

/* Begin PBXFileReference section */
		00B516750CB872D40C6A5C55 /* Pods_FinalProject.framework */ = {isa = PBXFileReference; explicitFileType = wrapper.framework; includeInIndex = 0; path = Pods_FinalProject.framework; sourceTree = BUILT_PRODUCTS_DIR; };
		053AC57028637B9100CD39BB /* AuthService.swift */ = {isa = PBXFileReference; lastKnownFileType = sourcecode.swift; path = AuthService.swift; sourceTree = "<group>"; };
		053CC8D428706C2600352540 /* FeedResponse.swift */ = {isa = PBXFileReference; lastKnownFileType = sourcecode.swift; path = FeedResponse.swift; sourceTree = "<group>"; };
		053CC8D628706C7000352540 /* UserResponse.swift */ = {isa = PBXFileReference; lastKnownFileType = sourcecode.swift; path = UserResponse.swift; sourceTree = "<group>"; };
		053CC8D828706CA200352540 /* API.swift */ = {isa = PBXFileReference; lastKnownFileType = sourcecode.swift; path = API.swift; sourceTree = "<group>"; };
		053CC8DA28706CE500352540 /* NetworkService.swift */ = {isa = PBXFileReference; lastKnownFileType = sourcecode.swift; path = NetworkService.swift; sourceTree = "<group>"; };
		053CC8DC28706D4C00352540 /* NetworkDataFetcher.swift */ = {isa = PBXFileReference; lastKnownFileType = sourcecode.swift; path = NetworkDataFetcher.swift; sourceTree = "<group>"; };
		053CC8DF28706DA300352540 /* GradientView.swift */ = {isa = PBXFileReference; lastKnownFileType = sourcecode.swift; path = GradientView.swift; sourceTree = "<group>"; };
		053CC8E128706DB200352540 /* WebImageView.swift */ = {isa = PBXFileReference; lastKnownFileType = sourcecode.swift; path = WebImageView.swift; sourceTree = "<group>"; };
		053CC8E32870701200352540 /* FooterView.swift */ = {isa = PBXFileReference; lastKnownFileType = sourcecode.swift; path = FooterView.swift; sourceTree = "<group>"; };
		053CC8E52870709600352540 /* TitleView.swift */ = {isa = PBXFileReference; lastKnownFileType = sourcecode.swift; path = TitleView.swift; sourceTree = "<group>"; };
		053CC8E7287070CB00352540 /* InsetableTextField.swift */ = {isa = PBXFileReference; lastKnownFileType = sourcecode.swift; path = InsetableTextField.swift; sourceTree = "<group>"; };
		053CC8EB2870715100352540 /* Rowlayout.swift */ = {isa = PBXFileReference; lastKnownFileType = sourcecode.swift; path = Rowlayout.swift; sourceTree = "<group>"; };
		053CC8ED2870719300352540 /*  GalleryCollectionView.swift */ = {isa = PBXFileReference; lastKnownFileType = sourcecode.swift; path = " GalleryCollectionView.swift"; sourceTree = "<group>"; };
		053CC8F12870724300352540 /* GalleryCollectionViewCell.swift */ = {isa = PBXFileReference; lastKnownFileType = sourcecode.swift; path = GalleryCollectionViewCell.swift; sourceTree = "<group>"; };
		053CC8F3287073C000352540 /* NewsfeedInteractor.swift */ = {isa = PBXFileReference; lastKnownFileType = sourcecode.swift; path = NewsfeedInteractor.swift; sourceTree = "<group>"; };
		053CC8F5287073EE00352540 /* NewsfeedPresenter.swift */ = {isa = PBXFileReference; lastKnownFileType = sourcecode.swift; path = NewsfeedPresenter.swift; sourceTree = "<group>"; };
		053CC8F72870743900352540 /* NewsfeedModels.swift */ = {isa = PBXFileReference; lastKnownFileType = sourcecode.swift; path = NewsfeedModels.swift; sourceTree = "<group>"; };
		053CC8F92870746500352540 /* NewsfeedWorker.swift */ = {isa = PBXFileReference; lastKnownFileType = sourcecode.swift; path = NewsfeedWorker.swift; sourceTree = "<group>"; };
		053CC8FB2870748500352540 /* NewsfeedRouter.swift */ = {isa = PBXFileReference; lastKnownFileType = sourcecode.swift; path = NewsfeedRouter.swift; sourceTree = "<group>"; };
		053CC8FE2870765A00352540 /* NewsfeedCodeCell.swift */ = {isa = PBXFileReference; lastKnownFileType = sourcecode.swift; path = NewsfeedCodeCell.swift; sourceTree = "<group>"; };
		053CC9002870768B00352540 /* NewsfeedCellLayoutCalculator.swift */ = {isa = PBXFileReference; lastKnownFileType = sourcecode.swift; path = NewsfeedCellLayoutCalculator.swift; sourceTree = "<group>"; };
		053CC902287076BD00352540 /* Constants.swift */ = {isa = PBXFileReference; lastKnownFileType = sourcecode.swift; path = Constants.swift; sourceTree = "<group>"; };
		053CC9042870776F00352540 /* NewsfeedCell.swift */ = {isa = PBXFileReference; lastKnownFileType = sourcecode.swift; path = NewsfeedCell.swift; sourceTree = "<group>"; };
		053CC9052870776F00352540 /* NewsfeedCell.xib */ = {isa = PBXFileReference; lastKnownFileType = file.xib; path = NewsfeedCell.xib; sourceTree = "<group>"; };
		053CC90928708E7900352540 /* Constraints.swift */ = {isa = PBXFileReference; lastKnownFileType = sourcecode.swift; path = Constraints.swift; sourceTree = "<group>"; };
		053CC90B28708E9200352540 /* String + Height.swift */ = {isa = PBXFileReference; lastKnownFileType = sourcecode.swift; path = "String + Height.swift"; sourceTree = "<group>"; };
		055FD8382856676E0007FDC1 /* TabBarController.swift */ = {isa = PBXFileReference; lastKnownFileType = sourcecode.swift; path = TabBarController.swift; sourceTree = "<group>"; };
		055FD83A285668B30007FDC1 /* MainVC.swift */ = {isa = PBXFileReference; lastKnownFileType = sourcecode.swift; path = MainVC.swift; sourceTree = "<group>"; };
		055FD83B285668B30007FDC1 /* MainVC.xib */ = {isa = PBXFileReference; lastKnownFileType = file.xib; path = MainVC.xib; sourceTree = "<group>"; };
		055FD83E285668C40007FDC1 /* ProfileVC.swift */ = {isa = PBXFileReference; lastKnownFileType = sourcecode.swift; path = ProfileVC.swift; sourceTree = "<group>"; };
		055FD83F285668C40007FDC1 /* ProfileVC.xib */ = {isa = PBXFileReference; lastKnownFileType = file.xib; path = ProfileVC.xib; sourceTree = "<group>"; };
		055FD842285668EE0007FDC1 /* MyFrendsVC.swift */ = {isa = PBXFileReference; lastKnownFileType = sourcecode.swift; path = MyFrendsVC.swift; sourceTree = "<group>"; };
		055FD843285668EE0007FDC1 /* MyFrendsVC.xib */ = {isa = PBXFileReference; lastKnownFileType = file.xib; path = MyFrendsVC.xib; sourceTree = "<group>"; };
		055FD846285669020007FDC1 /* MyGroupsVC.swift */ = {isa = PBXFileReference; lastKnownFileType = sourcecode.swift; path = MyGroupsVC.swift; sourceTree = "<group>"; };
		055FD847285669020007FDC1 /* MyGroupsVC.xib */ = {isa = PBXFileReference; lastKnownFileType = file.xib; path = MyGroupsVC.xib; sourceTree = "<group>"; };
		055FD84A285670D30007FDC1 /* PhotoGaleryVC.swift */ = {isa = PBXFileReference; lastKnownFileType = sourcecode.swift; path = PhotoGaleryVC.swift; sourceTree = "<group>"; };
		055FD84B285670D30007FDC1 /* PhotoGaleryVC.xib */ = {isa = PBXFileReference; lastKnownFileType = file.xib; path = PhotoGaleryVC.xib; sourceTree = "<group>"; };
		05744FC0285F96D60079FD45 /* LoginVC.swift */ = {isa = PBXFileReference; lastKnownFileType = sourcecode.swift; path = LoginVC.swift; sourceTree = "<group>"; };
		05744FC1285F96D60079FD45 /* LoginVC.xib */ = {isa = PBXFileReference; lastKnownFileType = file.xib; path = LoginVC.xib; sourceTree = "<group>"; };
		05998A152854A70100D5B8D6 /* FinalProject.app */ = {isa = PBXFileReference; explicitFileType = wrapper.application; includeInIndex = 0; path = FinalProject.app; sourceTree = BUILT_PRODUCTS_DIR; };
		05998A182854A70100D5B8D6 /* AppDelegate.swift */ = {isa = PBXFileReference; lastKnownFileType = sourcecode.swift; path = AppDelegate.swift; sourceTree = "<group>"; };
		05998A1A2854A70100D5B8D6 /* SceneDelegate.swift */ = {isa = PBXFileReference; lastKnownFileType = sourcecode.swift; path = SceneDelegate.swift; sourceTree = "<group>"; };
		05998A1C2854A70100D5B8D6 /* ViewController.swift */ = {isa = PBXFileReference; lastKnownFileType = sourcecode.swift; path = ViewController.swift; sourceTree = "<group>"; };
		05998A1F2854A70100D5B8D6 /* Base */ = {isa = PBXFileReference; lastKnownFileType = file.storyboard; name = Base; path = Base.lproj/Main.storyboard; sourceTree = "<group>"; };
		05998A212854A70400D5B8D6 /* Assets.xcassets */ = {isa = PBXFileReference; lastKnownFileType = folder.assetcatalog; path = Assets.xcassets; sourceTree = "<group>"; };
		05998A242854A70400D5B8D6 /* Base */ = {isa = PBXFileReference; lastKnownFileType = file.storyboard; name = Base; path = Base.lproj/LaunchScreen.storyboard; sourceTree = "<group>"; };
		05998A262854A70400D5B8D6 /* Info.plist */ = {isa = PBXFileReference; lastKnownFileType = text.plist.xml; path = Info.plist; sourceTree = "<group>"; };
		DC1F692CB2C8F904A0BFC6FC /* Pods-FinalProject.release.xcconfig */ = {isa = PBXFileReference; includeInIndex = 1; lastKnownFileType = text.xcconfig; name = "Pods-FinalProject.release.xcconfig"; path = "Target Support Files/Pods-FinalProject/Pods-FinalProject.release.xcconfig"; sourceTree = "<group>"; };
		E63E39E8BA7578E8E24C30E7 /* Pods-FinalProject.debug.xcconfig */ = {isa = PBXFileReference; includeInIndex = 1; lastKnownFileType = text.xcconfig; name = "Pods-FinalProject.debug.xcconfig"; path = "Target Support Files/Pods-FinalProject/Pods-FinalProject.debug.xcconfig"; sourceTree = "<group>"; };
/* End PBXFileReference section */

/* Begin PBXFrameworksBuildPhase section */
		05998A122854A70100D5B8D6 /* Frameworks */ = {
			isa = PBXFrameworksBuildPhase;
			buildActionMask = 2147483647;
			files = (
				E7C012F22D8AA425F486D9B6 /* Pods_FinalProject.framework in Frameworks */,
			);
			runOnlyForDeploymentPostprocessing = 0;
		};
/* End PBXFrameworksBuildPhase section */

/* Begin PBXGroup section */
		053CC8DE28706D8F00352540 /* View's */ = {
			isa = PBXGroup;
			children = (
				053CC8DF28706DA300352540 /* GradientView.swift */,
				053CC8E128706DB200352540 /* WebImageView.swift */,
			);
			path = "View's";
			sourceTree = "<group>";
		};
		053CC8E9287070FE00352540 /* TitleView */ = {
			isa = PBXGroup;
			children = (
				053CC8E52870709600352540 /* TitleView.swift */,
				053CC8E7287070CB00352540 /* InsetableTextField.swift */,
			);
			path = TitleView;
			sourceTree = "<group>";
		};
		053CC8EA2870711600352540 /* GalleryView */ = {
			isa = PBXGroup;
			children = (
				053CC8EB2870715100352540 /* Rowlayout.swift */,
				053CC8ED2870719300352540 /*  GalleryCollectionView.swift */,
				053CC8F12870724300352540 /* GalleryCollectionViewCell.swift */,
			);
			path = GalleryView;
			sourceTree = "<group>";
		};
		053CC8FD2870755100352540 /* Cell */ = {
			isa = PBXGroup;
			children = (
				053CC9002870768B00352540 /* NewsfeedCellLayoutCalculator.swift */,
				053CC8FE2870765A00352540 /* NewsfeedCodeCell.swift */,
				053CC902287076BD00352540 /* Constants.swift */,
			);
			path = Cell;
			sourceTree = "<group>";
		};
		053CC90828708E5500352540 /* Helpers */ = {
			isa = PBXGroup;
			children = (
				053CC90928708E7900352540 /* Constraints.swift */,
				053CC90B28708E9200352540 /* String + Height.swift */,
			);
			path = Helpers;
			sourceTree = "<group>";
		};
		05744FBF285F87800079FD45 /* API's */ = {
			isa = PBXGroup;
			children = (
				053CC8D828706CA200352540 /* API.swift */,
				053CC8DA28706CE500352540 /* NetworkService.swift */,
				053CC8DC28706D4C00352540 /* NetworkDataFetcher.swift */,
			);
			path = "API's";
			sourceTree = "<group>";
		};
		05998A0C2854A70100D5B8D6 = {
			isa = PBXGroup;
			children = (
				05998A172854A70100D5B8D6 /* FinalProject */,
				05998A162854A70100D5B8D6 /* Products */,
				4A4F2858FE596394A0A5D7D7 /* Pods */,
				7F80D6CE2ED2BDC82B6C4410 /* Frameworks */,
			);
			sourceTree = "<group>";
		};
		05998A162854A70100D5B8D6 /* Products */ = {
			isa = PBXGroup;
			children = (
				05998A152854A70100D5B8D6 /* FinalProject.app */,
			);
			name = Products;
			sourceTree = "<group>";
		};
		05998A172854A70100D5B8D6 /* FinalProject */ = {
			isa = PBXGroup;
			children = (
				053CC90828708E5500352540 /* Helpers */,
				053CC8DE28706D8F00352540 /* View's */,
				05744FBF285F87800079FD45 /* API's */,
				05998A342854A86500D5B8D6 /* Cells */,
				05998A2D2854A79300D5B8D6 /* Models */,
				05998A2C2854A78700D5B8D6 /* ViewControllers */,
				05998A182854A70100D5B8D6 /* AppDelegate.swift */,
				05998A1A2854A70100D5B8D6 /* SceneDelegate.swift */,
				05998A1C2854A70100D5B8D6 /* ViewController.swift */,
				05998A1E2854A70100D5B8D6 /* Main.storyboard */,
				05998A212854A70400D5B8D6 /* Assets.xcassets */,
				05998A232854A70400D5B8D6 /* LaunchScreen.storyboard */,
				05998A262854A70400D5B8D6 /* Info.plist */,
			);
			path = FinalProject;
			sourceTree = "<group>";
		};
		05998A2C2854A78700D5B8D6 /* ViewControllers */ = {
			isa = PBXGroup;
			children = (
				055FD8382856676E0007FDC1 /* TabBarController.swift */,
				05998A2E2854A7D600D5B8D6 /* LoginVC */,
				05998A2F2854A7E200D5B8D6 /* MainVC */,
				05998A302854A7FF00D5B8D6 /* ProfileVC */,
				05998A332854A85000D5B8D6 /* MyGroupsVC */,
				05998A322854A84600D5B8D6 /* MyFrendsVC */,
				05998A312854A80B00D5B8D6 /* PhotoGalaryVC */,
			);
			path = ViewControllers;
			sourceTree = "<group>";
		};
		05998A2D2854A79300D5B8D6 /* Models */ = {
			isa = PBXGroup;
			children = (
				053AC57028637B9100CD39BB /* AuthService.swift */,
				053CC8D428706C2600352540 /* FeedResponse.swift */,
				053CC8D628706C7000352540 /* UserResponse.swift */,
			);
			path = Models;
			sourceTree = "<group>";
		};
		05998A2E2854A7D600D5B8D6 /* LoginVC */ = {
			isa = PBXGroup;
			children = (
				05744FC0285F96D60079FD45 /* LoginVC.swift */,
				05744FC1285F96D60079FD45 /* LoginVC.xib */,
			);
			path = LoginVC;
			sourceTree = "<group>";
		};
		05998A2F2854A7E200D5B8D6 /* MainVC */ = {
			isa = PBXGroup;
			children = (
				053CC8FD2870755100352540 /* Cell */,
				053CC8EA2870711600352540 /* GalleryView */,
				053CC8E9287070FE00352540 /* TitleView */,
				055FD83A285668B30007FDC1 /* MainVC.swift */,
				055FD83B285668B30007FDC1 /* MainVC.xib */,
				053CC8E32870701200352540 /* FooterView.swift */,
				053CC8F3287073C000352540 /* NewsfeedInteractor.swift */,
				053CC8F5287073EE00352540 /* NewsfeedPresenter.swift */,
				053CC8F72870743900352540 /* NewsfeedModels.swift */,
				053CC8F92870746500352540 /* NewsfeedWorker.swift */,
				053CC8FB2870748500352540 /* NewsfeedRouter.swift */,
			);
			path = MainVC;
			sourceTree = "<group>";
		};
		05998A302854A7FF00D5B8D6 /* ProfileVC */ = {
			isa = PBXGroup;
			children = (
				055FD83E285668C40007FDC1 /* ProfileVC.swift */,
				055FD83F285668C40007FDC1 /* ProfileVC.xib */,
			);
			path = ProfileVC;
			sourceTree = "<group>";
		};
		05998A312854A80B00D5B8D6 /* PhotoGalaryVC */ = {
			isa = PBXGroup;
			children = (
				055FD84A285670D30007FDC1 /* PhotoGaleryVC.swift */,
				055FD84B285670D30007FDC1 /* PhotoGaleryVC.xib */,
			);
			path = PhotoGalaryVC;
			sourceTree = "<group>";
		};
		05998A322854A84600D5B8D6 /* MyFrendsVC */ = {
			isa = PBXGroup;
			children = (
				055FD842285668EE0007FDC1 /* MyFrendsVC.swift */,
				055FD843285668EE0007FDC1 /* MyFrendsVC.xib */,
			);
			path = MyFrendsVC;
			sourceTree = "<group>";
		};
		05998A332854A85000D5B8D6 /* MyGroupsVC */ = {
			isa = PBXGroup;
			children = (
				055FD846285669020007FDC1 /* MyGroupsVC.swift */,
				055FD847285669020007FDC1 /* MyGroupsVC.xib */,
			);
			path = MyGroupsVC;
			sourceTree = "<group>";
		};
		05998A342854A86500D5B8D6 /* Cells */ = {
			isa = PBXGroup;
			children = (
				053CC9052870776F00352540 /* NewsfeedCell.xib */,
				053CC9042870776F00352540 /* NewsfeedCell.swift */,
			);
			path = Cells;
			sourceTree = "<group>";
		};
		4A4F2858FE596394A0A5D7D7 /* Pods */ = {
			isa = PBXGroup;
			children = (
				E63E39E8BA7578E8E24C30E7 /* Pods-FinalProject.debug.xcconfig */,
				DC1F692CB2C8F904A0BFC6FC /* Pods-FinalProject.release.xcconfig */,
			);
			path = Pods;
			sourceTree = "<group>";
		};
		7F80D6CE2ED2BDC82B6C4410 /* Frameworks */ = {
			isa = PBXGroup;
			children = (
				00B516750CB872D40C6A5C55 /* Pods_FinalProject.framework */,
			);
			name = Frameworks;
			sourceTree = "<group>";
		};
/* End PBXGroup section */

/* Begin PBXNativeTarget section */
		05998A142854A70100D5B8D6 /* FinalProject */ = {
			isa = PBXNativeTarget;
			buildConfigurationList = 05998A292854A70400D5B8D6 /* Build configuration list for PBXNativeTarget "FinalProject" */;
			buildPhases = (
				391AC1ECEA1E886E9282448D /* [CP] Check Pods Manifest.lock */,
				05998A112854A70100D5B8D6 /* Sources */,
				05998A122854A70100D5B8D6 /* Frameworks */,
				05998A132854A70100D5B8D6 /* Resources */,
				2A990EFCE84D65E015D1D4D9 /* [CP] Embed Pods Frameworks */,
			);
			buildRules = (
			);
			dependencies = (
			);
			name = FinalProject;
			productName = FinalProject;
			productReference = 05998A152854A70100D5B8D6 /* FinalProject.app */;
			productType = "com.apple.product-type.application";
		};
/* End PBXNativeTarget section */

/* Begin PBXProject section */
		05998A0D2854A70100D5B8D6 /* Project object */ = {
			isa = PBXProject;
			attributes = {
				BuildIndependentTargetsInParallel = 1;
				LastSwiftUpdateCheck = 1330;
				LastUpgradeCheck = 1330;
				TargetAttributes = {
					05998A142854A70100D5B8D6 = {
						CreatedOnToolsVersion = 13.3.1;
					};
				};
			};
			buildConfigurationList = 05998A102854A70100D5B8D6 /* Build configuration list for PBXProject "FinalProject" */;
			compatibilityVersion = "Xcode 13.0";
			developmentRegion = en;
			hasScannedForEncodings = 0;
			knownRegions = (
				en,
				Base,
			);
			mainGroup = 05998A0C2854A70100D5B8D6;
			productRefGroup = 05998A162854A70100D5B8D6 /* Products */;
			projectDirPath = "";
			projectRoot = "";
			targets = (
				05998A142854A70100D5B8D6 /* FinalProject */,
			);
		};
/* End PBXProject section */

/* Begin PBXResourcesBuildPhase section */
		05998A132854A70100D5B8D6 /* Resources */ = {
			isa = PBXResourcesBuildPhase;
			buildActionMask = 2147483647;
			files = (
				05998A252854A70400D5B8D6 /* LaunchScreen.storyboard in Resources */,
				055FD84D285670D30007FDC1 /* PhotoGaleryVC.xib in Resources */,
				055FD849285669020007FDC1 /* MyGroupsVC.xib in Resources */,
				055FD83D285668B30007FDC1 /* MainVC.xib in Resources */,
				053CC9072870776F00352540 /* NewsfeedCell.xib in Resources */,
				05998A222854A70400D5B8D6 /* Assets.xcassets in Resources */,
				05998A202854A70100D5B8D6 /* Main.storyboard in Resources */,
				05744FC3285F96D60079FD45 /* LoginVC.xib in Resources */,
				055FD845285668EE0007FDC1 /* MyFrendsVC.xib in Resources */,
				055FD841285668C40007FDC1 /* ProfileVC.xib in Resources */,
			);
			runOnlyForDeploymentPostprocessing = 0;
		};
/* End PBXResourcesBuildPhase section */

/* Begin PBXShellScriptBuildPhase section */
		2A990EFCE84D65E015D1D4D9 /* [CP] Embed Pods Frameworks */ = {
			isa = PBXShellScriptBuildPhase;
			buildActionMask = 2147483647;
			files = (
			);
			inputFileListPaths = (
				"${PODS_ROOT}/Target Support Files/Pods-FinalProject/Pods-FinalProject-frameworks-${CONFIGURATION}-input-files.xcfilelist",
			);
			name = "[CP] Embed Pods Frameworks";
			outputFileListPaths = (
				"${PODS_ROOT}/Target Support Files/Pods-FinalProject/Pods-FinalProject-frameworks-${CONFIGURATION}-output-files.xcfilelist",
			);
			runOnlyForDeploymentPostprocessing = 0;
			shellPath = /bin/sh;
			shellScript = "\"${PODS_ROOT}/Target Support Files/Pods-FinalProject/Pods-FinalProject-frameworks.sh\"\n";
			showEnvVarsInLog = 0;
		};
		391AC1ECEA1E886E9282448D /* [CP] Check Pods Manifest.lock */ = {
			isa = PBXShellScriptBuildPhase;
			buildActionMask = 2147483647;
			files = (
			);
			inputFileListPaths = (
			);
			inputPaths = (
				"${PODS_PODFILE_DIR_PATH}/Podfile.lock",
				"${PODS_ROOT}/Manifest.lock",
			);
			name = "[CP] Check Pods Manifest.lock";
			outputFileListPaths = (
			);
			outputPaths = (
				"$(DERIVED_FILE_DIR)/Pods-FinalProject-checkManifestLockResult.txt",
			);
			runOnlyForDeploymentPostprocessing = 0;
			shellPath = /bin/sh;
			shellScript = "diff \"${PODS_PODFILE_DIR_PATH}/Podfile.lock\" \"${PODS_ROOT}/Manifest.lock\" > /dev/null\nif [ $? != 0 ] ; then\n    # print error to STDERR\n    echo \"error: The sandbox is not in sync with the Podfile.lock. Run 'pod install' or update your CocoaPods installation.\" >&2\n    exit 1\nfi\n# This output is used by Xcode 'outputs' to avoid re-running this script phase.\necho \"SUCCESS\" > \"${SCRIPT_OUTPUT_FILE_0}\"\n";
			showEnvVarsInLog = 0;
		};
/* End PBXShellScriptBuildPhase section */

/* Begin PBXSourcesBuildPhase section */
		05998A112854A70100D5B8D6 /* Sources */ = {
			isa = PBXSourcesBuildPhase;
			buildActionMask = 2147483647;
			files = (
				055FD840285668C40007FDC1 /* ProfileVC.swift in Sources */,
				053CC8F22870724300352540 /* GalleryCollectionViewCell.swift in Sources */,
				053CC90A28708E7900352540 /* Constraints.swift in Sources */,
				053CC8D728706C7000352540 /* UserResponse.swift in Sources */,
				053CC8E42870701200352540 /* FooterView.swift in Sources */,
				053CC9012870768B00352540 /* NewsfeedCellLayoutCalculator.swift in Sources */,
				05998A1D2854A70100D5B8D6 /* ViewController.swift in Sources */,
				055FD848285669020007FDC1 /* MyGroupsVC.swift in Sources */,
				053CC903287076BD00352540 /* Constants.swift in Sources */,
				053CC8F82870743900352540 /* NewsfeedModels.swift in Sources */,
				055FD844285668EE0007FDC1 /* MyFrendsVC.swift in Sources */,
				053CC8EE2870719300352540 /*  GalleryCollectionView.swift in Sources */,
				053CC8E028706DA300352540 /* GradientView.swift in Sources */,
				053CC8F4287073C000352540 /* NewsfeedInteractor.swift in Sources */,
				053CC8D528706C2600352540 /* FeedResponse.swift in Sources */,
				053CC8E228706DB200352540 /* WebImageView.swift in Sources */,
				053CC8FC2870748500352540 /* NewsfeedRouter.swift in Sources */,
				053CC8D928706CA200352540 /* API.swift in Sources */,
				053CC8F6287073EE00352540 /* NewsfeedPresenter.swift in Sources */,
				05744FC2285F96D60079FD45 /* LoginVC.swift in Sources */,
				053CC8FF2870765A00352540 /* NewsfeedCodeCell.swift in Sources */,
				053CC8DD28706D4C00352540 /* NetworkDataFetcher.swift in Sources */,
				053CC8EC2870715100352540 /* Rowlayout.swift in Sources */,
				053AC57128637B9100CD39BB /* AuthService.swift in Sources */,
				055FD84C285670D30007FDC1 /* PhotoGaleryVC.swift in Sources */,
				053CC8DB28706CE500352540 /* NetworkService.swift in Sources */,
				055FD83C285668B30007FDC1 /* MainVC.swift in Sources */,
				053CC8FA2870746500352540 /* NewsfeedWorker.swift in Sources */,
				053CC90C28708E9200352540 /* String + Height.swift in Sources */,
				055FD8392856676E0007FDC1 /* TabBarController.swift in Sources */,
				05998A192854A70100D5B8D6 /* AppDelegate.swift in Sources */,
				053CC8E8287070CB00352540 /* InsetableTextField.swift in Sources */,
				05998A1B2854A70100D5B8D6 /* SceneDelegate.swift in Sources */,
				053CC9062870776F00352540 /* NewsfeedCell.swift in Sources */,
				053CC8E62870709600352540 /* TitleView.swift in Sources */,
			);
			runOnlyForDeploymentPostprocessing = 0;
		};
/* End PBXSourcesBuildPhase section */

/* Begin PBXVariantGroup section */
		05998A1E2854A70100D5B8D6 /* Main.storyboard */ = {
			isa = PBXVariantGroup;
			children = (
				05998A1F2854A70100D5B8D6 /* Base */,
			);
			name = Main.storyboard;
			sourceTree = "<group>";
		};
		05998A232854A70400D5B8D6 /* LaunchScreen.storyboard */ = {
			isa = PBXVariantGroup;
			children = (
				05998A242854A70400D5B8D6 /* Base */,
			);
			name = LaunchScreen.storyboard;
			sourceTree = "<group>";
		};
/* End PBXVariantGroup section */

/* Begin XCBuildConfiguration section */
		05998A272854A70400D5B8D6 /* Debug */ = {
			isa = XCBuildConfiguration;
			buildSettings = {
				ALWAYS_SEARCH_USER_PATHS = NO;
				CLANG_ANALYZER_NONNULL = YES;
				CLANG_ANALYZER_NUMBER_OBJECT_CONVERSION = YES_AGGRESSIVE;
				CLANG_CXX_LANGUAGE_STANDARD = "gnu++17";
				CLANG_ENABLE_MODULES = YES;
				CLANG_ENABLE_OBJC_ARC = YES;
				CLANG_ENABLE_OBJC_WEAK = YES;
				CLANG_WARN_BLOCK_CAPTURE_AUTORELEASING = YES;
				CLANG_WARN_BOOL_CONVERSION = YES;
				CLANG_WARN_COMMA = YES;
				CLANG_WARN_CONSTANT_CONVERSION = YES;
				CLANG_WARN_DEPRECATED_OBJC_IMPLEMENTATIONS = YES;
				CLANG_WARN_DIRECT_OBJC_ISA_USAGE = YES_ERROR;
				CLANG_WARN_DOCUMENTATION_COMMENTS = YES;
				CLANG_WARN_EMPTY_BODY = YES;
				CLANG_WARN_ENUM_CONVERSION = YES;
				CLANG_WARN_INFINITE_RECURSION = YES;
				CLANG_WARN_INT_CONVERSION = YES;
				CLANG_WARN_NON_LITERAL_NULL_CONVERSION = YES;
				CLANG_WARN_OBJC_IMPLICIT_RETAIN_SELF = YES;
				CLANG_WARN_OBJC_LITERAL_CONVERSION = YES;
				CLANG_WARN_OBJC_ROOT_CLASS = YES_ERROR;
				CLANG_WARN_QUOTED_INCLUDE_IN_FRAMEWORK_HEADER = YES;
				CLANG_WARN_RANGE_LOOP_ANALYSIS = YES;
				CLANG_WARN_STRICT_PROTOTYPES = YES;
				CLANG_WARN_SUSPICIOUS_MOVE = YES;
				CLANG_WARN_UNGUARDED_AVAILABILITY = YES_AGGRESSIVE;
				CLANG_WARN_UNREACHABLE_CODE = YES;
				CLANG_WARN__DUPLICATE_METHOD_MATCH = YES;
				COPY_PHASE_STRIP = NO;
				DEBUG_INFORMATION_FORMAT = dwarf;
				ENABLE_STRICT_OBJC_MSGSEND = YES;
				ENABLE_TESTABILITY = YES;
				GCC_C_LANGUAGE_STANDARD = gnu11;
				GCC_DYNAMIC_NO_PIC = NO;
				GCC_NO_COMMON_BLOCKS = YES;
				GCC_OPTIMIZATION_LEVEL = 0;
				GCC_PREPROCESSOR_DEFINITIONS = (
					"DEBUG=1",
					"$(inherited)",
				);
				GCC_WARN_64_TO_32_BIT_CONVERSION = YES;
				GCC_WARN_ABOUT_RETURN_TYPE = YES_ERROR;
				GCC_WARN_UNDECLARED_SELECTOR = YES;
				GCC_WARN_UNINITIALIZED_AUTOS = YES_AGGRESSIVE;
				GCC_WARN_UNUSED_FUNCTION = YES;
				GCC_WARN_UNUSED_VARIABLE = YES;
				IPHONEOS_DEPLOYMENT_TARGET = 15.4;
				MTL_ENABLE_DEBUG_INFO = INCLUDE_SOURCE;
				MTL_FAST_MATH = YES;
				ONLY_ACTIVE_ARCH = YES;
				SDKROOT = iphoneos;
				SWIFT_ACTIVE_COMPILATION_CONDITIONS = DEBUG;
				SWIFT_OPTIMIZATION_LEVEL = "-Onone";
			};
			name = Debug;
		};
		05998A282854A70400D5B8D6 /* Release */ = {
			isa = XCBuildConfiguration;
			buildSettings = {
				ALWAYS_SEARCH_USER_PATHS = NO;
				CLANG_ANALYZER_NONNULL = YES;
				CLANG_ANALYZER_NUMBER_OBJECT_CONVERSION = YES_AGGRESSIVE;
				CLANG_CXX_LANGUAGE_STANDARD = "gnu++17";
				CLANG_ENABLE_MODULES = YES;
				CLANG_ENABLE_OBJC_ARC = YES;
				CLANG_ENABLE_OBJC_WEAK = YES;
				CLANG_WARN_BLOCK_CAPTURE_AUTORELEASING = YES;
				CLANG_WARN_BOOL_CONVERSION = YES;
				CLANG_WARN_COMMA = YES;
				CLANG_WARN_CONSTANT_CONVERSION = YES;
				CLANG_WARN_DEPRECATED_OBJC_IMPLEMENTATIONS = YES;
				CLANG_WARN_DIRECT_OBJC_ISA_USAGE = YES_ERROR;
				CLANG_WARN_DOCUMENTATION_COMMENTS = YES;
				CLANG_WARN_EMPTY_BODY = YES;
				CLANG_WARN_ENUM_CONVERSION = YES;
				CLANG_WARN_INFINITE_RECURSION = YES;
				CLANG_WARN_INT_CONVERSION = YES;
				CLANG_WARN_NON_LITERAL_NULL_CONVERSION = YES;
				CLANG_WARN_OBJC_IMPLICIT_RETAIN_SELF = YES;
				CLANG_WARN_OBJC_LITERAL_CONVERSION = YES;
				CLANG_WARN_OBJC_ROOT_CLASS = YES_ERROR;
				CLANG_WARN_QUOTED_INCLUDE_IN_FRAMEWORK_HEADER = YES;
				CLANG_WARN_RANGE_LOOP_ANALYSIS = YES;
				CLANG_WARN_STRICT_PROTOTYPES = YES;
				CLANG_WARN_SUSPICIOUS_MOVE = YES;
				CLANG_WARN_UNGUARDED_AVAILABILITY = YES_AGGRESSIVE;
				CLANG_WARN_UNREACHABLE_CODE = YES;
				CLANG_WARN__DUPLICATE_METHOD_MATCH = YES;
				COPY_PHASE_STRIP = NO;
				DEBUG_INFORMATION_FORMAT = "dwarf-with-dsym";
				ENABLE_NS_ASSERTIONS = NO;
				ENABLE_STRICT_OBJC_MSGSEND = YES;
				GCC_C_LANGUAGE_STANDARD = gnu11;
				GCC_NO_COMMON_BLOCKS = YES;
				GCC_WARN_64_TO_32_BIT_CONVERSION = YES;
				GCC_WARN_ABOUT_RETURN_TYPE = YES_ERROR;
				GCC_WARN_UNDECLARED_SELECTOR = YES;
				GCC_WARN_UNINITIALIZED_AUTOS = YES_AGGRESSIVE;
				GCC_WARN_UNUSED_FUNCTION = YES;
				GCC_WARN_UNUSED_VARIABLE = YES;
				IPHONEOS_DEPLOYMENT_TARGET = 15.4;
				MTL_ENABLE_DEBUG_INFO = NO;
				MTL_FAST_MATH = YES;
				SDKROOT = iphoneos;
				SWIFT_COMPILATION_MODE = wholemodule;
				SWIFT_OPTIMIZATION_LEVEL = "-O";
				VALIDATE_PRODUCT = YES;
			};
			name = Release;
		};
		05998A2A2854A70400D5B8D6 /* Debug */ = {
			isa = XCBuildConfiguration;
			baseConfigurationReference = E63E39E8BA7578E8E24C30E7 /* Pods-FinalProject.debug.xcconfig */;
			buildSettings = {
				ASSETCATALOG_COMPILER_APPICON_NAME = AppIcon;
				ASSETCATALOG_COMPILER_GLOBAL_ACCENT_COLOR_NAME = AccentColor;
				CODE_SIGN_STYLE = Automatic;
				CURRENT_PROJECT_VERSION = 1;
				DEVELOPMENT_TEAM = XHSZKMHDMF;
				GENERATE_INFOPLIST_FILE = YES;
				INFOPLIST_FILE = FinalProject/Info.plist;
				INFOPLIST_KEY_UIApplicationSupportsIndirectInputEvents = YES;
				INFOPLIST_KEY_UILaunchStoryboardName = LaunchScreen;
				INFOPLIST_KEY_UIMainStoryboardFile = Main;
				INFOPLIST_KEY_UISupportedInterfaceOrientations_iPad = "UIInterfaceOrientationPortrait UIInterfaceOrientationPortraitUpsideDown UIInterfaceOrientationLandscapeLeft UIInterfaceOrientationLandscapeRight";
				INFOPLIST_KEY_UISupportedInterfaceOrientations_iPhone = "UIInterfaceOrientationPortrait UIInterfaceOrientationLandscapeLeft UIInterfaceOrientationLandscapeRight";
				LD_RUNPATH_SEARCH_PATHS = (
					"$(inherited)",
					"@executable_path/Frameworks",
				);
				MARKETING_VERSION = 1.0;
				PRODUCT_BUNDLE_IDENTIFIER = SashaZ.FinalProject;
				PRODUCT_NAME = "$(TARGET_NAME)";
				SWIFT_EMIT_LOC_STRINGS = YES;
				SWIFT_VERSION = 5.0;
				TARGETED_DEVICE_FAMILY = "1,2";
			};
			name = Debug;
		};
		05998A2B2854A70400D5B8D6 /* Release */ = {
			isa = XCBuildConfiguration;
			baseConfigurationReference = DC1F692CB2C8F904A0BFC6FC /* Pods-FinalProject.release.xcconfig */;
			buildSettings = {
				ASSETCATALOG_COMPILER_APPICON_NAME = AppIcon;
				ASSETCATALOG_COMPILER_GLOBAL_ACCENT_COLOR_NAME = AccentColor;
				CODE_SIGN_STYLE = Automatic;
				CURRENT_PROJECT_VERSION = 1;
				DEVELOPMENT_TEAM = XHSZKMHDMF;
				GENERATE_INFOPLIST_FILE = YES;
				INFOPLIST_FILE = FinalProject/Info.plist;
				INFOPLIST_KEY_UIApplicationSupportsIndirectInputEvents = YES;
				INFOPLIST_KEY_UILaunchStoryboardName = LaunchScreen;
				INFOPLIST_KEY_UIMainStoryboardFile = Main;
				INFOPLIST_KEY_UISupportedInterfaceOrientations_iPad = "UIInterfaceOrientationPortrait UIInterfaceOrientationPortraitUpsideDown UIInterfaceOrientationLandscapeLeft UIInterfaceOrientationLandscapeRight";
				INFOPLIST_KEY_UISupportedInterfaceOrientations_iPhone = "UIInterfaceOrientationPortrait UIInterfaceOrientationLandscapeLeft UIInterfaceOrientationLandscapeRight";
				LD_RUNPATH_SEARCH_PATHS = (
					"$(inherited)",
					"@executable_path/Frameworks",
				);
				MARKETING_VERSION = 1.0;
				PRODUCT_BUNDLE_IDENTIFIER = SashaZ.FinalProject;
				PRODUCT_NAME = "$(TARGET_NAME)";
				SWIFT_EMIT_LOC_STRINGS = YES;
				SWIFT_VERSION = 5.0;
				TARGETED_DEVICE_FAMILY = "1,2";
			};
			name = Release;
		};
/* End XCBuildConfiguration section */

/* Begin XCConfigurationList section */
		05998A102854A70100D5B8D6 /* Build configuration list for PBXProject "FinalProject" */ = {
			isa = XCConfigurationList;
			buildConfigurations = (
				05998A272854A70400D5B8D6 /* Debug */,
				05998A282854A70400D5B8D6 /* Release */,
			);
			defaultConfigurationIsVisible = 0;
			defaultConfigurationName = Release;
		};
		05998A292854A70400D5B8D6 /* Build configuration list for PBXNativeTarget "FinalProject" */ = {
			isa = XCConfigurationList;
			buildConfigurations = (
				05998A2A2854A70400D5B8D6 /* Debug */,
				05998A2B2854A70400D5B8D6 /* Release */,
			);
			defaultConfigurationIsVisible = 0;
			defaultConfigurationName = Release;
		};
/* End XCConfigurationList section */
	};
	rootObject = 05998A0D2854A70100D5B8D6 /* Project object */;
}
