PODS:
  - Alamofire (5.5.0)
  - Haptica (3.0.3)
  - Moya (14.0.0):
    - Moya/Core (= 14.0.0)
  - Moya-ObjectMapper (2.9):
    - Moya-ObjectMapper/Core (= 2.9)
  - Moya-ObjectMapper/Core (2.9):
    - Moya (~> 14.0.0-beta.6)
    - ObjectMapper
  - Moya/Core (14.0.0):
    - Alamofire (~> 5.0)
  - ObjectMapper (4.2.0)
  - Realm (10.25.0):
    - Realm/Headers (= 10.25.0)
  - Realm/Headers (10.25.0)
  - RealmSwift (10.25.0):
    - Realm (= 10.25.0)
  - VK-ios-sdk (1.6.2)

DEPENDENCIES:
  - Haptica
  - Moya
  - Moya-ObjectMapper
  - RealmSwift
  - VK-ios-sdk

SPEC REPOS:
  trunk:
    - Alamofire
    - Haptica
    - Moya
    - Moya-ObjectMapper
    - ObjectMapper
    - Realm
    - RealmSwift
    - VK-ios-sdk

SPEC CHECKSUMS:
  Alamofire: 1c4fb5369c3fe93d2857c780d8bbe09f06f97e7c
  Haptica: 23497230b2d7476621f7860263ae0667279a0a89
  Moya: 5b45dacb75adb009f97fde91c204c1e565d31916
  Moya-ObjectMapper: 967a99d9ea3aa9c93ddbe112aeca3667f53bfe93
  ObjectMapper: 1eb41f610210777375fa806bf161dc39fb832b81
  Realm: 22a82aaa0e73f3483e3a6df32549c4c5cd34aa63
  RealmSwift: c2a635212400923edd3f828b8a37d55d3eb31863
  VK-ios-sdk: 5bcf00a2014a7323f98db9328b603d4f96635caa

PODFILE CHECKSUM: c97eb11b7c775826e0a2eab504b3920cfd222940

COCOAPODS: 1.11.3
